
Microsoft Visual Studio Solution File, Format Version 12.00
# Visual Studio Version 17
VisualStudioVersion = 17.9.34701.34
MinimumVisualStudioVersion = 10.0.40219.1
Project("{FAE04EC0-301F-11D3-BF4B-00C04F79EFBC}") = "Sinif taski 16Aprel", "Sinif taski 16Aprel\Sinif taski 16Aprel.csproj", "{D5045223-FBC6-427E-851C-372B5AD3E97D}"
EndProject
Global
	GlobalSection(SolutionConfigurationPlatforms) = preSolution
		Debug|Any CPU = Debug|Any CPU
		Release|Any CPU = Release|Any CPU
	EndGlobalSection
	GlobalSection(ProjectConfigurationPlatforms) = postSolution
		{D5045223-FBC6-427E-851C-372B5AD3E97D}.Debug|Any CPU.ActiveCfg = Debug|Any CPU
		{D5045223-FBC6-427E-851C-372B5AD3E97D}.Debug|Any CPU.Build.0 = Debug|Any CPU
		{D5045223-FBC6-427E-851C-372B5AD3E97D}.Release|Any CPU.ActiveCfg = Release|Any CPU
		{D5045223-FBC6-427E-851C-372B5AD3E97D}.Release|Any CPU.Build.0 = Release|Any CPU
	EndGlobalSection
	GlobalSection(SolutionProperties) = preSolution
		HideSolutionNode = FALSE
	EndGlobalSection
	GlobalSection(ExtensibilityGlobals) = postSolution
		SolutionGuid = {CBB152E1-BE13-4506-84D6-7FE78CFD4527}
	EndGlobalSection
EndGlobal
